Microsoft Visual Studio Solution File, Format Version 12.00
# Visual Studio Version 17
VisualStudioVersion = 17.5.2.0
MinimumVisualStudioVersion = 10.0.40219.1
Project("{FAE04EC0-301F-11D3-BF4B-00C04F79EFBC}") = "DeveConnect", "DeveConnect.csproj", "{07B20BC6-40C6-38DB-7A60-7DA1C115A019}"
EndProject
Global
	GlobalSection(SolutionConfigurationPlatforms) = preSolution
		Debug|Any CPU = Debug|Any CPU
		Release|Any CPU = Release|Any CPU
	EndGlobalSection
	GlobalSection(ProjectConfigurationPlatforms) = postSolution
		{07B20BC6-40C6-38DB-7A60-7DA1C115A019}.Debug|Any CPU.ActiveCfg = Debug|Any CPU
		{07B20BC6-40C6-38DB-7A60-7DA1C115A019}.Debug|Any CPU.Build.0 = Debug|Any CPU
		{07B20BC6-40C6-38DB-7A60-7DA1C115A019}.Release|Any CPU.ActiveCfg = Release|Any CPU
		{07B20BC6-40C6-38DB-7A60-7DA1C115A019}.Release|Any CPU.Build.0 = Release|Any CPU
	EndGlobalSection
	GlobalSection(SolutionProperties) = preSolution
		HideSolutionNode = FALSE
	EndGlobalSection
	GlobalSection(ExtensibilityGlobals) = postSolution
		SolutionGuid = {176294C5-F788-4C54-83D2-36AE127F05F0}
	EndGlobalSection
EndGlobal
