Microsoft Visual Studio Solution File, Format Version 12.00
# Visual Studio Version 17
VisualStudioVersion = 17.5.2.0
MinimumVisualStudioVersion = 10.0.40219.1
Project("{FAE04EC0-301F-11D3-BF4B-00C04F79EFBC}") = "Exercio02", "Exercio02.csproj", "{4EAA0CBA-B814-40F6-8D37-FF8609011A1C}"
EndProject
Global
	GlobalSection(SolutionConfigurationPlatforms) = preSolution
		Debug|Any CPU = Debug|Any CPU
		Release|Any CPU = Release|Any CPU
	EndGlobalSection
	GlobalSection(ProjectConfigurationPlatforms) = postSolution
		{4EAA0CBA-B814-40F6-8D37-FF8609011A1C}.Debug|Any CPU.ActiveCfg = Debug|Any CPU
		{4EAA0CBA-B814-40F6-8D37-FF8609011A1C}.Debug|Any CPU.Build.0 = Debug|Any CPU
		{4EAA0CBA-B814-40F6-8D37-FF8609011A1C}.Release|Any CPU.ActiveCfg = Release|Any CPU
		{4EAA0CBA-B814-40F6-8D37-FF8609011A1C}.Release|Any CPU.Build.0 = Release|Any CPU
	EndGlobalSection
	GlobalSection(SolutionProperties) = preSolution
		HideSolutionNode = FALSE
	EndGlobalSection
	GlobalSection(ExtensibilityGlobals) = postSolution
		SolutionGuid = {C8960709-1F73-43AD-88E0-ACA1012F7C0F}
	EndGlobalSection
EndGlobal
